
Microsoft Visual Studio Solution File, Format Version 12.00
# Visual Studio Version 16
VisualStudioVersion = 25.0.1706.3
MinimumVisualStudioVersion = 10.0.40219.1
Project("{FAE04EC0-301F-11D3-BF4B-00C04F79EFBC}") = "SwinAdventure", "SwinAdventure\SwinAdventure.csproj", "{EF4678C3-6D86-4517-85FF-4CE4F3B3BE01}"
EndProject
Global
	GlobalSection(SolutionConfigurationPlatforms) = preSolution
		Debug|Any CPU = Debug|Any CPU
		Release|Any CPU = Release|Any CPU
	EndGlobalSection
	GlobalSection(ProjectConfigurationPlatforms) = postSolution
		{EF4678C3-6D86-4517-85FF-4CE4F3B3BE01}.Debug|Any CPU.ActiveCfg = Debug|Any CPU
		{EF4678C3-6D86-4517-85FF-4CE4F3B3BE01}.Debug|Any CPU.Build.0 = Debug|Any CPU
		{EF4678C3-6D86-4517-85FF-4CE4F3B3BE01}.Release|Any CPU.ActiveCfg = Release|Any CPU
		{EF4678C3-6D86-4517-85FF-4CE4F3B3BE01}.Release|Any CPU.Build.0 = Release|Any CPU
	EndGlobalSection
	GlobalSection(SolutionProperties) = preSolution
		HideSolutionNode = FALSE
	EndGlobalSection
	GlobalSection(ExtensibilityGlobals) = postSolution
		SolutionGuid = {A8C37AC5-C006-4007-81D2-C13F31FE7FF1}
	EndGlobalSection
EndGlobal
